
Microsoft Visual Studio Solution File, Format Version 12.00
# Visual Studio Version 17
VisualStudioVersion = 17.6.33829.357
MinimumVisualStudioVersion = 10.0.40219.1
Project("{8BC9CEB8-8B4A-11D0-8D11-00A0C91BC942}") = "Sandbox", "Sandbox\Sandbox.vcxproj", "{939D6AEB-6C5A-48AB-8659-5E0595A41A4C}"
EndProject
Project("{8BC9CEB8-8B4A-11D0-8D11-00A0C91BC942}") = "Hazel", "Hazel\Hazel.vcxproj", "{F140F619-8D2F-42D5-B4C6-F5A2587DAAF2}"
EndProject
Global
	GlobalSection(SolutionConfigurationPlatforms) = preSolution
		Debug|x64 = Debug|x64
		Release|x64 = Release|x64
	EndGlobalSection
	GlobalSection(ProjectConfigurationPlatforms) = postSolution
		{F140F619-8D2F-42D5-B4C6-F5A2587DAAF2}.Debug|x64.ActiveCfg = Debug|x64
		{F140F619-8D2F-42D5-B4C6-F5A2587DAAF2}.Debug|x64.Build.0 = Debug|x64
		{F140F619-8D2F-42D5-B4C6-F5A2587DAAF2}.Release|x64.ActiveCfg = Release|x64
		{F140F619-8D2F-42D5-B4C6-F5A2587DAAF2}.Release|x64.Build.0 = Release|x64
		{939D6AEB-6C5A-48AB-8659-5E0595A41A4C}.Debug|x64.ActiveCfg = Debug|x64
		{939D6AEB-6C5A-48AB-8659-5E0595A41A4C}.Debug|x64.Build.0 = Debug|x64
		{939D6AEB-6C5A-48AB-8659-5E0595A41A4C}.Release|x64.ActiveCfg = Release|x64
		{939D6AEB-6C5A-48AB-8659-5E0595A41A4C}.Release|x64.Build.0 = Release|x64
	EndGlobalSection
	GlobalSection(SolutionProperties) = preSolution
		HideSolutionNode = FALSE
	EndGlobalSection
	GlobalSection(ExtensibilityGlobals) = postSolution
		SolutionGuid = {353E51E9-F44B-4666-96D4-064D77344C80}
	EndGlobalSection
EndGlobal
